
Microsoft Visual Studio Solution File, Format Version 12.00
# Visual Studio 15
Project("{FAE04EC0-301F-11D3-BF4B-00C04F79EFBC}") = "Unity.XR.Interaction.Toolkit.Samples.StarterAssets", "Unity.XR.Interaction.Toolkit.Samples.StarterAssets.csproj", "{B4F0DEDD-2EF5-35C0-B919-3AEB870A0484}"
EndProject
Project("{FAE04EC0-301F-11D3-BF4B-00C04F79EFBC}") = "Unity.XR.Interaction.Toolkit.Samples.StarterAssets.Editor", "Unity.XR.Interaction.Toolkit.Samples.StarterAssets.Editor.csproj", "{5FE0A417-5ABB-060B-BF39-67A494AA7971}"
EndProject
Project("{FAE04EC0-301F-11D3-BF4B-00C04F79EFBC}") = "Assembly-CSharp", "Assembly-CSharp.csproj", "{1161FDE3-F9D3-94AE-7B16-A29E5F565A54}"
EndProject
Global
	GlobalSection(SolutionConfigurationPlatforms) = preSolution
		Debug|Any CPU = Debug|Any CPU
		Release|Any CPU = Release|Any CPU
	EndGlobalSection
	GlobalSection(ProjectConfigurationPlatforms) = postSolution
		{B4F0DEDD-2EF5-35C0-B919-3AEB870A0484}.Debug|Any CPU.ActiveCfg = Debug|Any CPU
		{B4F0DEDD-2EF5-35C0-B919-3AEB870A0484}.Debug|Any CPU.Build.0 = Debug|Any CPU
		{B4F0DEDD-2EF5-35C0-B919-3AEB870A0484}.Release|Any CPU.ActiveCfg = Release|Any CPU
		{B4F0DEDD-2EF5-35C0-B919-3AEB870A0484}.Release|Any CPU.Build.0 = Release|Any CPU
		{5FE0A417-5ABB-060B-BF39-67A494AA7971}.Debug|Any CPU.ActiveCfg = Debug|Any CPU
		{5FE0A417-5ABB-060B-BF39-67A494AA7971}.Debug|Any CPU.Build.0 = Debug|Any CPU
		{5FE0A417-5ABB-060B-BF39-67A494AA7971}.Release|Any CPU.ActiveCfg = Release|Any CPU
		{5FE0A417-5ABB-060B-BF39-67A494AA7971}.Release|Any CPU.Build.0 = Release|Any CPU
		{1161FDE3-F9D3-94AE-7B16-A29E5F565A54}.Debug|Any CPU.ActiveCfg = Debug|Any CPU
		{1161FDE3-F9D3-94AE-7B16-A29E5F565A54}.Debug|Any CPU.Build.0 = Debug|Any CPU
		{1161FDE3-F9D3-94AE-7B16-A29E5F565A54}.Release|Any CPU.ActiveCfg = Release|Any CPU
		{1161FDE3-F9D3-94AE-7B16-A29E5F565A54}.Release|Any CPU.Build.0 = Release|Any CPU
	EndGlobalSection
	GlobalSection(SolutionProperties) = preSolution
		HideSolutionNode = FALSE
	EndGlobalSection
EndGlobal
